Microsoft Visual Studio Solution File, Format Version 12.00
# Visual Studio Version 17
VisualStudioVersion = 17.4.33213.308
MinimumVisualStudioVersion = 10.0.40219.1
Project("{8BC9CEB8-8B4A-11D0-8D11-00A0C91BC942}") = "CBDesign", "GM\CBDsgn32.vcxproj", "{107CA415-78FA-4517-B192-D207313CD48E}"
EndProject
Project("{8BC9CEB8-8B4A-11D0-8D11-00A0C91BC942}") = "CBPlay", "GP\Cbplay32.vcxproj", "{2A0A2247-0569-4973-8E0D-8A3DF0B66A43}"
EndProject
Project("{8BC9CEB8-8B4A-11D0-8D11-00A0C91BC942}") = "zLib", "zLib\zLib.vcxproj", "{5BF1B9BA-043F-469F-BE19-787FF317EDDC}"
EndProject
Global
	GlobalSection(SolutionConfigurationPlatforms) = preSolution
		Debug|Win32 = Debug|Win32
		Debug|x64 = Debug|x64
		Release|Win32 = Release|Win32
		Release|x64 = Release|x64
	EndGlobalSection
	GlobalSection(ProjectConfigurationPlatforms) = postSolution
		{107CA415-78FA-4517-B192-D207313CD48E}.Debug|Win32.ActiveCfg = Debug|Win32
		{107CA415-78FA-4517-B192-D207313CD48E}.Debug|Win32.Build.0 = Debug|Win32
		{107CA415-78FA-4517-B192-D207313CD48E}.Debug|x64.ActiveCfg = Debug|x64
		{107CA415-78FA-4517-B192-D207313CD48E}.Debug|x64.Build.0 = Debug|x64
		{107CA415-78FA-4517-B192-D207313CD48E}.Release|Win32.ActiveCfg = Release|Win32
		{107CA415-78FA-4517-B192-D207313CD48E}.Release|Win32.Build.0 = Release|Win32
		{107CA415-78FA-4517-B192-D207313CD48E}.Release|x64.ActiveCfg = Release|x64
		{107CA415-78FA-4517-B192-D207313CD48E}.Release|x64.Build.0 = Release|x64
		{2A0A2247-0569-4973-8E0D-8A3DF0B66A43}.Debug|Win32.ActiveCfg = Debug|Win32
		{2A0A2247-0569-4973-8E0D-8A3DF0B66A43}.Debug|Win32.Build.0 = Debug|Win32
		{2A0A2247-0569-4973-8E0D-8A3DF0B66A43}.Debug|x64.ActiveCfg = Debug|x64
		{2A0A2247-0569-4973-8E0D-8A3DF0B66A43}.Debug|x64.Build.0 = Debug|x64
		{2A0A2247-0569-4973-8E0D-8A3DF0B66A43}.Release|Win32.ActiveCfg = Release|Win32
		{2A0A2247-0569-4973-8E0D-8A3DF0B66A43}.Release|Win32.Build.0 = Release|Win32
		{2A0A2247-0569-4973-8E0D-8A3DF0B66A43}.Release|x64.ActiveCfg = Release|x64
		{2A0A2247-0569-4973-8E0D-8A3DF0B66A43}.Release|x64.Build.0 = Release|x64
		{5BF1B9BA-043F-469F-BE19-787FF317EDDC}.Debug|Win32.ActiveCfg = Debug|Win32
		{5BF1B9BA-043F-469F-BE19-787FF317EDDC}.Debug|Win32.Build.0 = Debug|Win32
		{5BF1B9BA-043F-469F-BE19-787FF317EDDC}.Debug|x64.ActiveCfg = Debug|x64
		{5BF1B9BA-043F-469F-BE19-787FF317EDDC}.Debug|x64.Build.0 = Debug|x64
		{5BF1B9BA-043F-469F-BE19-787FF317EDDC}.Release|Win32.ActiveCfg = Release|Win32
		{5BF1B9BA-043F-469F-BE19-787FF317EDDC}.Release|Win32.Build.0 = Release|Win32
		{5BF1B9BA-043F-469F-BE19-787FF317EDDC}.Release|x64.ActiveCfg = Release|x64
		{5BF1B9BA-043F-469F-BE19-787FF317EDDC}.Release|x64.Build.0 = Release|x64
	EndGlobalSection
	GlobalSection(SolutionProperties) = preSolution
		HideSolutionNode = FALSE
	EndGlobalSection
	GlobalSection(ExtensibilityGlobals) = postSolution
		SolutionGuid = {73745982-6D48-4833-A009-4136E65040C2}
	EndGlobalSection
EndGlobal
