<?xml version="1.0" encoding="utf-8"?>
<Project ToolsVersion="4.0" xmlns="http://schemas.microsoft.com/developer/msbuild/2003">
  <ItemGroup>
    <Filter Include="Source Files">
      <UniqueIdentifier>{155c5742-4d11-4e2b-af1b-6e4b662a329c}</UniqueIdentifier>
      <Extensions>cpp;c;cxx;rc;def;r;odl;idl;hpj;bat</Extensions>
    </Filter>
    <Filter Include="Header Files">
      <UniqueIdentifier>{97acfd71-4b6a-4c2a-bef6-3cd48c77da33}</UniqueIdentifier>
      <Extensions>h;hpp;hxx;hm;inl</Extensions>
    </Filter>
    <Filter Include="Resource Files">
      <UniqueIdentifier>{3444485b-e791-440b-a48e-80b1940db11b}</UniqueIdentifier>
      <Extensions>ico;cur;bmp;dlg;rc2;rct;bin;rgs;gif;jpg;jpeg;jpe</Extensions>
    </Filter>
  </ItemGroup>
  <ItemGroup>
    <ClCompile Include="..\GShr\Arclib.cpp">
      <Filter>Source Files</Filter>
    </ClCompile>
    <ClCompile Include="..\GShr\Board.cpp">
      <Filter>Source Files</Filter>
    </ClCompile>
    <ClCompile Include="..\GShr\BrdCell.cpp">
      <Filter>Source Files</Filter>
    </ClCompile>
    <ClCompile Include="..\GShr\CalcLib.cpp">
      <Filter>Source Files</Filter>
    </ClCompile>
    <ClCompile Include="..\GShr\CDib.cpp">
      <Filter>Source Files</Filter>
    </ClCompile>
    <ClCompile Include="..\GShr\CellForm.cpp">
      <Filter>Source Files</Filter>
    </ClCompile>
    <ClCompile Include="ClipBrd.cpp">
      <Filter>Source Files</Filter>
    </ClCompile>
    <ClCompile Include="DlgBmask.cpp">
      <Filter>Source Files</Filter>
    </ClCompile>
    <ClCompile Include="DlgBrdp.cpp">
      <Filter>Source Files</Filter>
    </ClCompile>
    <ClCompile Include="DlgBrdsz.cpp">
      <Filter>Source Files</Filter>
    </ClCompile>
    <ClCompile Include="DlgGboxp.cpp">
      <Filter>Source Files</Filter>
    </ClCompile>
    <ClCompile Include="DlgGPass.cpp">
      <Filter>Source Files</Filter>
    </ClCompile>
    <ClCompile Include="DlgMakts.cpp">
      <Filter>Source Files</Filter>
    </ClCompile>
    <ClCompile Include="DlgMEditMulti.cpp">
      <Filter>Source Files</Filter>
    </ClCompile>
    <ClCompile Include="DlgMedt.cpp">
      <Filter>Source Files</Filter>
    </ClCompile>
    <ClCompile Include="DlgMgrpn.cpp">
      <Filter>Source Files</Filter>
    </ClCompile>
    <ClCompile Include="DlgMkbrd.cpp">
      <Filter>Source Files</Filter>
    </ClCompile>
    <ClCompile Include="DlgMnew.cpp">
      <Filter>Source Files</Filter>
    </ClCompile>
    <ClCompile Include="DlgMrkp.cpp">
      <Filter>Source Files</Filter>
    </ClCompile>
    <ClCompile Include="DlgNtile.cpp">
      <Filter>Source Files</Filter>
    </ClCompile>
    <ClCompile Include="DlgPaste.cpp">
      <Filter>Source Files</Filter>
    </ClCompile>
    <ClCompile Include="DlgPcep.cpp">
      <Filter>Source Files</Filter>
    </ClCompile>
    <ClCompile Include="DlgPEditMulti.cpp">
      <Filter>Source Files</Filter>
    </ClCompile>
    <ClCompile Include="DlgPedt.cpp">
      <Filter>Source Files</Filter>
    </ClCompile>
    <ClCompile Include="DlgPgrpn.cpp">
      <Filter>Source Files</Filter>
    </ClCompile>
    <ClCompile Include="DlgPnew.cpp">
      <Filter>Source Files</Filter>
    </ClCompile>
    <ClCompile Include="DlgSPass.cpp">
      <Filter>Source Files</Filter>
    </ClCompile>
    <ClCompile Include="DlgSvisi.cpp">
      <Filter>Source Files</Filter>
    </ClCompile>
    <ClCompile Include="DlgTexto.cpp">
      <Filter>Source Files</Filter>
    </ClCompile>
    <ClCompile Include="DlgTilsz.cpp">
      <Filter>Source Files</Filter>
    </ClCompile>
    <ClCompile Include="DlgTsetp.cpp">
      <Filter>Source Files</Filter>
    </ClCompile>
    <ClCompile Include="..\GShr\DrawObj.cpp">
      <Filter>Source Files</Filter>
    </ClCompile>
    <ClCompile Include="..\GShr\Font.cpp">
      <Filter>Source Files</Filter>
    </ClCompile>
    <ClCompile Include="..\GShr\FontName.cpp">
      <Filter>Source Files</Filter>
    </ClCompile>
    <ClCompile Include="FrmBited.cpp">
      <Filter>Source Files</Filter>
    </ClCompile>
    <ClCompile Include="FrmDockTile.cpp">
      <Filter>Source Files</Filter>
    </ClCompile>
    <ClCompile Include="FrmMain.cpp">
      <Filter>Source Files</Filter>
    </ClCompile>
    <ClCompile Include="..\GShr\GdiTools.cpp">
      <Filter>Source Files</Filter>
    </ClCompile>
    <ClCompile Include="Gm.cpp">
      <Filter>Source Files</Filter>
    </ClCompile>
    <ClCompile Include="GmDoc.cpp">
      <Filter>Source Files</Filter>
    </ClCompile>
    <ClCompile Include="..\GShr\LBoxGfx2.cpp">
      <Filter>Source Files</Filter>
    </ClCompile>
    <ClCompile Include="..\GShr\LBoxGrfx.cpp">
      <Filter>Source Files</Filter>
    </ClCompile>
    <ClCompile Include="..\GShr\LBoxMark.cpp">
      <Filter>Source Files</Filter>
    </ClCompile>
    <ClCompile Include="..\GShr\LBoxPiec.cpp">
      <Filter>Source Files</Filter>
    </ClCompile>
    <ClCompile Include="..\GShr\LBoxProj.cpp">
      <Filter>Source Files</Filter>
    </ClCompile>
    <ClCompile Include="LBoxTile.cpp">
      <Filter>Source Files</Filter>
    </ClCompile>
    <ClCompile Include="..\GShr\LBoxTileBase.cpp">
      <Filter>Source Files</Filter>
    </ClCompile>
    <ClCompile Include="..\GShr\LBoxTileBase2.cpp">
      <Filter>Source Files</Filter>
    </ClCompile>
    <ClCompile Include="..\GShr\LibMfc.cpp">
      <Filter>Source Files</Filter>
    </ClCompile>
    <ClCompile Include="..\GShr\MapStrng.cpp">
      <Filter>Source Files</Filter>
    </ClCompile>
    <ClCompile Include="..\GShr\Marks.cpp">
      <Filter>Source Files</Filter>
    </ClCompile>
    <ClCompile Include="..\GShr\MD5.cpp">
      <Filter>Source Files</Filter>
    </ClCompile>
    <ClCompile Include="PalColor.cpp">
      <Filter>Source Files</Filter>
    </ClCompile>
    <ClCompile Include="PalTile.cpp">
      <Filter>Source Files</Filter>
    </ClCompile>
    <ClCompile Include="..\GShr\Pieces.cpp">
      <Filter>Source Files</Filter>
    </ClCompile>
    <ClCompile Include="..\GShr\ResTbl.cpp">
      <Filter>Source Files</Filter>
    </ClCompile>
    <ClCompile Include="..\GShr\Rotate.cpp">
      <Filter>Source Files</Filter>
    </ClCompile>
    <ClCompile Include="SelObjs.cpp">
      <Filter>Source Files</Filter>
    </ClCompile>
    <ClCompile Include="StdAfx.cpp">
      <Filter>Source Files</Filter>
    </ClCompile>
    <ClCompile Include="..\GShr\StrLib.cpp">
      <Filter>Source Files</Filter>
    </ClCompile>
    <ClCompile Include="..\GShr\Tile.cpp">
      <Filter>Source Files</Filter>
    </ClCompile>
    <ClCompile Include="..\GShr\TileMgr.cpp">
      <Filter>Source Files</Filter>
    </ClCompile>
    <ClCompile Include="..\GShr\TileSet.cpp">
      <Filter>Source Files</Filter>
    </ClCompile>
    <ClCompile Include="..\GShr\TileSht.cpp">
      <Filter>Source Files</Filter>
    </ClCompile>
    <ClCompile Include="ToolImag.cpp">
      <Filter>Source Files</Filter>
    </ClCompile>
    <ClCompile Include="ToolObjs.cpp">
      <Filter>Source Files</Filter>
    </ClCompile>
    <ClCompile Include="VwBitedt.cpp">
      <Filter>Source Files</Filter>
    </ClCompile>
    <ClCompile Include="VwEdtbrd.cpp">
      <Filter>Source Files</Filter>
    </ClCompile>
    <ClCompile Include="VwPrjgb1.cpp">
      <Filter>Source Files</Filter>
    </ClCompile>
    <ClCompile Include="VwPrjgbx.cpp">
      <Filter>Source Files</Filter>
    </ClCompile>
    <ClCompile Include="VwTilesl.cpp">
      <Filter>Source Files</Filter>
    </ClCompile>
    <ClCompile Include="..\GShr\WinState.cpp">
      <Filter>Source Files</Filter>
    </ClCompile>
    <ClCompile Include="..\GShr\DragDrop.cpp">
      <Filter>Source Files</Filter>
    </ClCompile>
    <ClCompile Include="..\GShr\LBoxVHScrl.cpp">
      <Filter>Source Files</Filter>
    </ClCompile>
  </ItemGroup>
  <ItemGroup>
    <ResourceCompile Include="Cbdesign.rc">
      <Filter>Source Files</Filter>
    </ResourceCompile>
  </ItemGroup>
  <ItemGroup>
    <ClInclude Include="..\GShr\Atom.h">
      <Filter>Header Files</Filter>
    </ClInclude>
    <ClInclude Include="..\GShr\Board.h">
      <Filter>Header Files</Filter>
    </ClInclude>
    <ClInclude Include="..\GShr\BrdCell.h">
      <Filter>Header Files</Filter>
    </ClInclude>
    <ClInclude Include="..\GShr\CDib.h">
      <Filter>Header Files</Filter>
    </ClInclude>
    <ClInclude Include="..\GShr\CellForm.h">
      <Filter>Header Files</Filter>
    </ClInclude>
    <ClInclude Include="ClipBrd.h">
      <Filter>Header Files</Filter>
    </ClInclude>
    <ClInclude Include="..\GShr\Ctl3d.h">
      <Filter>Header Files</Filter>
    </ClInclude>
    <ClInclude Include="..\GShr\DibApi.h">
      <Filter>Header Files</Filter>
    </ClInclude>
    <ClInclude Include="DlgBmask.h">
      <Filter>Header Files</Filter>
    </ClInclude>
    <ClInclude Include="DlgBrdp.h">
      <Filter>Header Files</Filter>
    </ClInclude>
    <ClInclude Include="DlgBrdsz.h">
      <Filter>Header Files</Filter>
    </ClInclude>
    <ClInclude Include="DlgGboxp.h">
      <Filter>Header Files</Filter>
    </ClInclude>
    <ClInclude Include="DlgGPass.h">
      <Filter>Header Files</Filter>
    </ClInclude>
    <ClInclude Include="DlgMakts.h">
      <Filter>Header Files</Filter>
    </ClInclude>
    <ClInclude Include="DlgMEditMulti.h">
      <Filter>Header Files</Filter>
    </ClInclude>
    <ClInclude Include="DlgMedt.h">
      <Filter>Header Files</Filter>
    </ClInclude>
    <ClInclude Include="DlgMgrpn.h">
      <Filter>Header Files</Filter>
    </ClInclude>
    <ClInclude Include="DlgMkbrd.h">
      <Filter>Header Files</Filter>
    </ClInclude>
    <ClInclude Include="DlgMnew.h">
      <Filter>Header Files</Filter>
    </ClInclude>
    <ClInclude Include="DlgMrkp.h">
      <Filter>Header Files</Filter>
    </ClInclude>
    <ClInclude Include="DlgNtile.h">
      <Filter>Header Files</Filter>
    </ClInclude>
    <ClInclude Include="DlgPaste.h">
      <Filter>Header Files</Filter>
    </ClInclude>
    <ClInclude Include="DlgPcep.h">
      <Filter>Header Files</Filter>
    </ClInclude>
    <ClInclude Include="DlgPEditMulti.h">
      <Filter>Header Files</Filter>
    </ClInclude>
    <ClInclude Include="DlgPedt.h">
      <Filter>Header Files</Filter>
    </ClInclude>
    <ClInclude Include="DlgPgrpn.h">
      <Filter>Header Files</Filter>
    </ClInclude>
    <ClInclude Include="DlgPnew.h">
      <Filter>Header Files</Filter>
    </ClInclude>
    <ClInclude Include="DlgSPass.h">
      <Filter>Header Files</Filter>
    </ClInclude>
    <ClInclude Include="DlgSvisi.h">
      <Filter>Header Files</Filter>
    </ClInclude>
    <ClInclude Include="DlgTexto.h">
      <Filter>Header Files</Filter>
    </ClInclude>
    <ClInclude Include="DlgTilsz.h">
      <Filter>Header Files</Filter>
    </ClInclude>
    <ClInclude Include="DlgTsetp.h">
      <Filter>Header Files</Filter>
    </ClInclude>
    <ClInclude Include="..\GShr\DragDrop.h">
      <Filter>Header Files</Filter>
    </ClInclude>
    <ClInclude Include="..\GShr\DrawObj.h">
      <Filter>Header Files</Filter>
    </ClInclude>
    <ClInclude Include="..\GShr\Font.h">
      <Filter>Header Files</Filter>
    </ClInclude>
    <ClInclude Include="..\GShr\FontName.h">
      <Filter>Header Files</Filter>
    </ClInclude>
    <ClInclude Include="FrmBited.h">
      <Filter>Header Files</Filter>
    </ClInclude>
    <ClInclude Include="FrmDockTile.h">
      <Filter>Header Files</Filter>
    </ClInclude>
    <ClInclude Include="FrmMain.h">
      <Filter>Header Files</Filter>
    </ClInclude>
    <ClInclude Include="..\GShr\GdiTools.h">
      <Filter>Header Files</Filter>
    </ClInclude>
    <ClInclude Include="Gm.h">
      <Filter>Header Files</Filter>
    </ClInclude>
    <ClInclude Include="GmDoc.h">
      <Filter>Header Files</Filter>
    </ClInclude>
    <ClInclude Include="gmhelp.h">
      <Filter>Header Files</Filter>
    </ClInclude>
    <ClInclude Include="gmhelpidmap.h">
      <Filter>Header Files</Filter>
    </ClInclude>
    <ClInclude Include="..\GShr\GMisc.h">
      <Filter>Header Files</Filter>
    </ClInclude>
    <ClInclude Include="..\GShr\LBoxGfx2.h">
      <Filter>Header Files</Filter>
    </ClInclude>
    <ClInclude Include="..\GShr\LBoxGrfx.h">
      <Filter>Header Files</Filter>
    </ClInclude>
    <ClInclude Include="..\GShr\LBoxMark.h">
      <Filter>Header Files</Filter>
    </ClInclude>
    <ClInclude Include="..\GShr\LBoxPiec.h">
      <Filter>Header Files</Filter>
    </ClInclude>
    <ClInclude Include="..\GShr\LBoxProj.h">
      <Filter>Header Files</Filter>
    </ClInclude>
    <ClInclude Include="LBoxTile.h">
      <Filter>Header Files</Filter>
    </ClInclude>
    <ClInclude Include="..\GShr\LBoxTileBase.h">
      <Filter>Header Files</Filter>
    </ClInclude>
    <ClInclude Include="..\GShr\LBoxTileBase2.h">
      <Filter>Header Files</Filter>
    </ClInclude>
    <ClInclude Include="..\GShr\LibMfc.h">
      <Filter>Header Files</Filter>
    </ClInclude>
    <ClInclude Include="..\GShr\MapStrng.h">
      <Filter>Header Files</Filter>
    </ClInclude>
    <ClInclude Include="..\GShr\Marks.h">
      <Filter>Header Files</Filter>
    </ClInclude>
    <ClInclude Include="..\GShr\MD5.h">
      <Filter>Header Files</Filter>
    </ClInclude>
    <ClInclude Include="PalColor.h">
      <Filter>Header Files</Filter>
    </ClInclude>
    <ClInclude Include="PalItool.h">
      <Filter>Header Files</Filter>
    </ClInclude>
    <ClInclude Include="PalTile.h">
      <Filter>Header Files</Filter>
    </ClInclude>
    <ClInclude Include="PalTool.h">
      <Filter>Header Files</Filter>
    </ClInclude>
    <ClInclude Include="..\GShr\Pieces.h">
      <Filter>Header Files</Filter>
    </ClInclude>
    <ClInclude Include="Resource.h">
      <Filter>Header Files</Filter>
    </ClInclude>
    <ClInclude Include="..\GShr\ResTbl.h">
      <Filter>Header Files</Filter>
    </ClInclude>
    <ClInclude Include="SelObjs.h">
      <Filter>Header Files</Filter>
    </ClInclude>
    <ClInclude Include="StdAfx.h">
      <Filter>Header Files</Filter>
    </ClInclude>
    <ClInclude Include="..\GShr\StrLib.h">
      <Filter>Header Files</Filter>
    </ClInclude>
    <ClInclude Include="..\GShr\Tile.h">
      <Filter>Header Files</Filter>
    </ClInclude>
    <ClInclude Include="ToolImag.h">
      <Filter>Header Files</Filter>
    </ClInclude>
    <ClInclude Include="ToolObjs.h">
      <Filter>Header Files</Filter>
    </ClInclude>
    <ClInclude Include="..\GShr\TraceWin.h">
      <Filter>Header Files</Filter>
    </ClInclude>
    <ClInclude Include="..\GShr\Versions.h">
      <Filter>Header Files</Filter>
    </ClInclude>
    <ClInclude Include="VwBitedt.h">
      <Filter>Header Files</Filter>
    </ClInclude>
    <ClInclude Include="VwEdtbrd.h">
      <Filter>Header Files</Filter>
    </ClInclude>
    <ClInclude Include="VwPrjgbx.h">
      <Filter>Header Files</Filter>
    </ClInclude>
    <ClInclude Include="VwTilesl.h">
      <Filter>Header Files</Filter>
    </ClInclude>
    <ClInclude Include="..\GShr\WinExt.h">
      <Filter>Header Files</Filter>
    </ClInclude>
    <ClInclude Include="..\GShr\WinState.h">
      <Filter>Header Files</Filter>
    </ClInclude>
    <ClInclude Include="..\GShr\WinTiny.h">
      <Filter>Header Files</Filter>
    </ClInclude>
    <ClInclude Include="..\GShr\CyberBoard.h">
      <Filter>Header Files</Filter>
    </ClInclude>
    <ClInclude Include="..\GShr\LBoxVHScrl.h">
      <Filter>Header Files</Filter>
    </ClInclude>
  </ItemGroup>
  <ItemGroup>
    <Image Include="res\BadColum.bmp">
      <Filter>Resource Files</Filter>
    </Image>
    <Image Include="res\BitEdit.ico">
      <Filter>Resource Files</Filter>
    </Image>
    <Image Include="res\Bmp50Percent.bmp">
      <Filter>Resource Files</Filter>
    </Image>
    <Image Include="res\DrawLayer.bmp">
      <Filter>Resource Files</Filter>
    </Image>
    <Image Include="res\GBoxDoc.ico">
      <Filter>Resource Files</Filter>
    </Image>
    <Image Include="res\IDR_Board.ico">
      <Filter>Resource Files</Filter>
    </Image>
    <Image Include="res\IDR_Main.ico">
      <Filter>Resource Files</Filter>
    </Image>
    <Image Include="res\ImageTool.bmp">
      <Filter>Resource Files</Filter>
    </Image>
    <Image Include="res\SysButton.bmp">
      <Filter>Resource Files</Filter>
    </Image>
    <Image Include="res\ToolBar.bmp">
      <Filter>Resource Files</Filter>
    </Image>
    <Image Include="res\cbICON_AAA.ico">
      <Filter>Resource Files</Filter>
    </Image>
  </ItemGroup>
  <ItemGroup>
    <None Include="res\Brush.cur">
      <Filter>Resource Files</Filter>
    </None>
    <None Include="res\ColorChange.cur">
      <Filter>Resource Files</Filter>
    </None>
    <None Include="res\Crosshair.cur">
      <Filter>Resource Files</Filter>
    </None>
    <None Include="res\DragTile.cur">
      <Filter>Resource Files</Filter>
    </None>
    <None Include="res\Dropper.cur">
      <Filter>Resource Files</Filter>
    </None>
    <None Include="res\Eraser.cur">
      <Filter>Resource Files</Filter>
    </None>
    <None Include="res\Fill.cur">
      <Filter>Resource Files</Filter>
    </None>
    <None Include="res\NoDrop.cur">
      <Filter>Resource Files</Filter>
    </None>
    <None Include="res\Pencil.cur">
      <Filter>Resource Files</Filter>
    </None>
    <None Include="res\Small4Way.cur">
      <Filter>Resource Files</Filter>
    </None>
    <None Include="res\NoDropTooBig.cur">
      <Filter>Resource Files</Filter>
    </None>
  </ItemGroup>
  <ItemGroup>
    <Xml Include="res\manifest.xml">
      <Filter>Resource Files</Filter>
    </Xml>
  </ItemGroup>
  <ItemGroup>
    <CustomBuild Include="CBDesign.xrc">
      <Filter>Source Files</Filter>
    </CustomBuild>
  </ItemGroup>
</Project>