<?xml version="1.0" encoding="utf-8"?>
<Project ToolsVersion="4.0" xmlns="http://schemas.microsoft.com/developer/msbuild/2003">
  <ItemGroup>
    <Filter Include="Source Files">
      <UniqueIdentifier>{77b49ce3-bc6c-46bd-8b70-a5f97ff6dfc6}</UniqueIdentifier>
      <Extensions>cpp;c;cxx;rc;def;r;odl;idl;hpj;bat</Extensions>
    </Filter>
    <Filter Include="Header Files">
      <UniqueIdentifier>{28458be2-d8a2-4660-a0f2-05c8dbafbd09}</UniqueIdentifier>
      <Extensions>h;hpp;hxx;hm;inl</Extensions>
    </Filter>
    <Filter Include="Resource Files">
      <UniqueIdentifier>{2267de37-71d1-4c9d-bcf6-789ca59ff82b}</UniqueIdentifier>
      <Extensions>ico;cur;bmp;dlg;rc2;rct;bin;rgs;gif;jpg;jpeg;jpe</Extensions>
    </Filter>
  </ItemGroup>
  <ItemGroup>
    <ClCompile Include="..\GShr\Arclib.cpp">
      <Filter>Source Files</Filter>
    </ClCompile>
    <ClCompile Include="..\GShr\Board.cpp">
      <Filter>Source Files</Filter>
    </ClCompile>
    <ClCompile Include="..\GShr\BrdCell.cpp">
      <Filter>Source Files</Filter>
    </ClCompile>
    <ClCompile Include="..\GShr\CalcLib.cpp">
      <Filter>Source Files</Filter>
    </ClCompile>
    <ClCompile Include="..\GShr\CDib.cpp">
      <Filter>Source Files</Filter>
    </ClCompile>
    <ClCompile Include="..\GShr\CellForm.cpp">
      <Filter>Source Files</Filter>
    </ClCompile>
    <ClCompile Include="..\GShr\Color.cpp">
      <Filter>Source Files</Filter>
    </ClCompile>
    <ClCompile Include="..\GShr\DibApi.cpp">
      <Filter>Source Files</Filter>
    </ClCompile>
    <ClCompile Include="DlgChgGameOwner.cpp">
      <Filter>Source Files</Filter>
    </ClCompile>
    <ClCompile Include="DlgDice.cpp">
      <Filter>Source Files</Filter>
    </ClCompile>
    <ClCompile Include="DlgEdtEl.cpp">
      <Filter>Source Files</Filter>
    </ClCompile>
    <ClCompile Include="DlgEPly.cpp">
      <Filter>Source Files</Filter>
    </ClCompile>
    <ClCompile Include="DlgItray.cpp">
      <Filter>Source Files</Filter>
    </ClCompile>
    <ClCompile Include="DlgMarkCount.cpp">
      <Filter>Source Files</Filter>
    </ClCompile>
    <ClCompile Include="DlgMdesc.cpp">
      <Filter>Source Files</Filter>
    </ClCompile>
    <ClCompile Include="DlgMPly.cpp">
      <Filter>Source Files</Filter>
    </ClCompile>
    <ClCompile Include="DlgNewGeoBoard.cpp">
      <Filter>Source Files</Filter>
    </ClCompile>
    <ClCompile Include="DlgNPly.cpp">
      <Filter>Source Files</Filter>
    </ClCompile>
    <ClCompile Include="DlgPass.cpp">
      <Filter>Source Files</Filter>
    </ClCompile>
    <ClCompile Include="DlgPbprp.cpp">
      <Filter>Source Files</Filter>
    </ClCompile>
    <ClCompile Include="DlgRot.cpp">
      <Filter>Source Files</Filter>
    </ClCompile>
    <ClCompile Include="DlgRotpc.cpp">
      <Filter>Source Files</Filter>
    </ClCompile>
    <ClCompile Include="DlgScnp.cpp">
      <Filter>Source Files</Filter>
    </ClCompile>
    <ClCompile Include="DlgSelOwner.cpp">
      <Filter>Source Files</Filter>
    </ClCompile>
    <ClCompile Include="DlgSlbrd.cpp">
      <Filter>Source Files</Filter>
    </ClCompile>
    <ClCompile Include="DlgSmsg.cpp">
      <Filter>Source Files</Filter>
    </ClCompile>
    <ClCompile Include="DlgSpece.cpp">
      <Filter>Source Files</Filter>
    </ClCompile>
    <ClCompile Include="DlgState.cpp">
      <Filter>Source Files</Filter>
    </ClCompile>
    <ClCompile Include="DlgTrunc.cpp">
      <Filter>Source Files</Filter>
    </ClCompile>
    <ClCompile Include="DlgYnew.cpp">
      <Filter>Source Files</Filter>
    </ClCompile>
    <ClCompile Include="DlgYprop.cpp">
      <Filter>Source Files</Filter>
    </ClCompile>
    <ClCompile Include="..\GShr\DrawObj.cpp">
      <Filter>Source Files</Filter>
    </ClCompile>
    <ClCompile Include="Editnocv.cpp">
      <Filter>Source Files</Filter>
    </ClCompile>
    <ClCompile Include="FileLib.cpp">
      <Filter>Source Files</Filter>
    </ClCompile>
    <ClCompile Include="..\GShr\Font.cpp">
      <Filter>Source Files</Filter>
    </ClCompile>
    <ClCompile Include="..\GShr\FontName.cpp">
      <Filter>Source Files</Filter>
    </ClCompile>
    <ClCompile Include="FrmDockMark.cpp">
      <Filter>Source Files</Filter>
    </ClCompile>
    <ClCompile Include="FrmDockTray.cpp">
      <Filter>Source Files</Filter>
    </ClCompile>
    <ClCompile Include="FrmMain.cpp">
      <Filter>Source Files</Filter>
    </ClCompile>
    <ClCompile Include="FrmPbrd.cpp">
      <Filter>Source Files</Filter>
    </ClCompile>
    <ClCompile Include="FrmProj.cpp">
      <Filter>Source Files</Filter>
    </ClCompile>
    <ClCompile Include="GamDoc.cpp">
      <Filter>Source Files</Filter>
    </ClCompile>
    <ClCompile Include="GamDoc1.cpp">
      <Filter>Source Files</Filter>
    </ClCompile>
    <ClCompile Include="GamDoc2.cpp">
      <Filter>Source Files</Filter>
    </ClCompile>
    <ClCompile Include="GamDoc3.cpp">
      <Filter>Source Files</Filter>
    </ClCompile>
    <ClCompile Include="GamDoc4.cpp">
      <Filter>Source Files</Filter>
    </ClCompile>
    <ClCompile Include="GamDoc5.cpp">
      <Filter>Source Files</Filter>
    </ClCompile>
    <ClCompile Include="GameBox.cpp">
      <Filter>Source Files</Filter>
    </ClCompile>
    <ClCompile Include="GamState.cpp">
      <Filter>Source Files</Filter>
    </ClCompile>
    <ClCompile Include="..\GShr\GdiTools.cpp">
      <Filter>Source Files</Filter>
    </ClCompile>
    <ClCompile Include="GeoBoard.cpp">
      <Filter>Source Files</Filter>
    </ClCompile>
    <ClCompile Include="Gp.cpp">
      <Filter>Source Files</Filter>
    </ClCompile>
    <ClCompile Include="..\GShr\LBoxGfx2.cpp">
      <Filter>Source Files</Filter>
    </ClCompile>
    <ClCompile Include="..\GShr\LBoxGrfx.cpp">
      <Filter>Source Files</Filter>
    </ClCompile>
    <ClCompile Include="..\GShr\LBoxMark.cpp">
      <Filter>Source Files</Filter>
    </ClCompile>
    <ClCompile Include="..\GShr\LBoxPiec.cpp">
      <Filter>Source Files</Filter>
    </ClCompile>
    <ClCompile Include="..\GShr\LBoxProj.cpp">
      <Filter>Source Files</Filter>
    </ClCompile>
    <ClCompile Include="LBoxSlct.cpp">
      <Filter>Source Files</Filter>
    </ClCompile>
    <ClCompile Include="..\GShr\LBoxTileBase.cpp">
      <Filter>Source Files</Filter>
    </ClCompile>
    <ClCompile Include="..\GShr\LBoxTileBase2.cpp">
      <Filter>Source Files</Filter>
    </ClCompile>
    <ClCompile Include="LBoxTray.cpp">
      <Filter>Source Files</Filter>
    </ClCompile>
    <ClCompile Include="..\GShr\LibMfc.cpp">
      <Filter>Source Files</Filter>
    </ClCompile>
    <ClCompile Include="MapFace.cpp">
      <Filter>Source Files</Filter>
    </ClCompile>
    <ClCompile Include="..\GShr\MapStrng.cpp">
      <Filter>Source Files</Filter>
    </ClCompile>
    <ClCompile Include="..\GShr\Marks.cpp">
      <Filter>Source Files</Filter>
    </ClCompile>
    <ClCompile Include="..\GShr\MD5.cpp">
      <Filter>Source Files</Filter>
    </ClCompile>
    <ClCompile Include="MoveHist.cpp">
      <Filter>Source Files</Filter>
    </ClCompile>
    <ClCompile Include="MoveMgr.cpp">
      <Filter>Source Files</Filter>
    </ClCompile>
    <ClCompile Include="PalMark.cpp">
      <Filter>Source Files</Filter>
    </ClCompile>
    <ClCompile Include="PalReadMsg.cpp">
      <Filter>Source Files</Filter>
    </ClCompile>
    <ClCompile Include="PalTray.cpp">
      <Filter>Source Files</Filter>
    </ClCompile>
    <ClCompile Include="PBoard.cpp">
      <Filter>Source Files</Filter>
    </ClCompile>
    <ClCompile Include="..\GShr\Pieces.cpp">
      <Filter>Source Files</Filter>
    </ClCompile>
    <ClCompile Include="Player.cpp">
      <Filter>Source Files</Filter>
    </ClCompile>
    <ClCompile Include="PPieces.cpp">
      <Filter>Source Files</Filter>
    </ClCompile>
    <ClCompile Include="..\GShr\ResTbl.cpp">
      <Filter>Source Files</Filter>
    </ClCompile>
    <ClCompile Include="..\GShr\Rotate.cpp">
      <Filter>Source Files</Filter>
    </ClCompile>
    <ClCompile Include="SelOPlay.cpp">
      <Filter>Source Files</Filter>
    </ClCompile>
    <ClCompile Include="StdAfx.cpp">
      <Filter>Source Files</Filter>
    </ClCompile>
    <ClCompile Include="..\GShr\StrLib.cpp">
      <Filter>Source Files</Filter>
    </ClCompile>
    <ClCompile Include="..\GShr\Tile.cpp">
      <Filter>Source Files</Filter>
    </ClCompile>
    <ClCompile Include="..\GShr\TileMgr.cpp">
      <Filter>Source Files</Filter>
    </ClCompile>
    <ClCompile Include="..\GShr\TileSet.cpp">
      <Filter>Source Files</Filter>
    </ClCompile>
    <ClCompile Include="..\GShr\TileSht.cpp">
      <Filter>Source Files</Filter>
    </ClCompile>
    <ClCompile Include="ToolPlay.cpp">
      <Filter>Source Files</Filter>
    </ClCompile>
    <ClCompile Include="Trays.cpp">
      <Filter>Source Files</Filter>
    </ClCompile>
    <ClCompile Include="VwPbrd.cpp">
      <Filter>Source Files</Filter>
    </ClCompile>
    <ClCompile Include="VwPbrd1.cpp">
      <Filter>Source Files</Filter>
    </ClCompile>
    <ClCompile Include="VwPrjga1.cpp">
      <Filter>Source Files</Filter>
    </ClCompile>
    <ClCompile Include="VwPrjgam.cpp">
      <Filter>Source Files</Filter>
    </ClCompile>
    <ClCompile Include="VwPrjgs1.cpp">
      <Filter>Source Files</Filter>
    </ClCompile>
    <ClCompile Include="VwPrjgsn.cpp">
      <Filter>Source Files</Filter>
    </ClCompile>
    <ClCompile Include="VwSelpce.cpp">
      <Filter>Source Files</Filter>
    </ClCompile>
    <ClCompile Include="VwTbrd.cpp">
      <Filter>Source Files</Filter>
    </ClCompile>
    <ClCompile Include="WinDynspl.cpp">
      <Filter>Source Files</Filter>
    </ClCompile>
    <ClCompile Include="WinMyspl.cpp">
      <Filter>Source Files</Filter>
    </ClCompile>
    <ClCompile Include="WinPoptb.cpp">
      <Filter>Source Files</Filter>
    </ClCompile>
    <ClCompile Include="..\GShr\WinState.cpp">
      <Filter>Source Files</Filter>
    </ClCompile>
    <ClCompile Include="WStateGp.cpp">
      <Filter>Source Files</Filter>
    </ClCompile>
    <ClCompile Include="..\GShr\DragDrop.cpp">
      <Filter>Source Files</Filter>
    </ClCompile>
  </ItemGroup>
  <ItemGroup>
    <ResourceCompile Include="Cbplay.rc">
      <Filter>Source Files</Filter>
    </ResourceCompile>
  </ItemGroup>
  <ItemGroup>
    <ClInclude Include="Arrows.h">
      <Filter>Header Files</Filter>
    </ClInclude>
    <ClInclude Include="..\GShr\Atom.h">
      <Filter>Header Files</Filter>
    </ClInclude>
    <ClInclude Include="..\GShr\BarCbDock.h">
      <Filter>Header Files</Filter>
    </ClInclude>
    <ClInclude Include="..\GShr\Board.h">
      <Filter>Header Files</Filter>
    </ClInclude>
    <ClInclude Include="..\GShr\BrdCell.h">
      <Filter>Header Files</Filter>
    </ClInclude>
    <ClInclude Include="..\GShr\CDib.h">
      <Filter>Header Files</Filter>
    </ClInclude>
    <ClInclude Include="..\GShr\CellForm.h">
      <Filter>Header Files</Filter>
    </ClInclude>
    <ClInclude Include="..\GShr\Ctl3d.h">
      <Filter>Header Files</Filter>
    </ClInclude>
    <ClInclude Include="..\GShr\DibApi.h">
      <Filter>Header Files</Filter>
    </ClInclude>
    <ClInclude Include="DlgChgGameOwner.h">
      <Filter>Header Files</Filter>
    </ClInclude>
    <ClInclude Include="DlgDice.h">
      <Filter>Header Files</Filter>
    </ClInclude>
    <ClInclude Include="DlgEdtEl.h">
      <Filter>Header Files</Filter>
    </ClInclude>
    <ClInclude Include="DlgEPly.h">
      <Filter>Header Files</Filter>
    </ClInclude>
    <ClInclude Include="DlgItray.h">
      <Filter>Header Files</Filter>
    </ClInclude>
    <ClInclude Include="DlgMarkCount.h">
      <Filter>Header Files</Filter>
    </ClInclude>
    <ClInclude Include="DlgMdesc.h">
      <Filter>Header Files</Filter>
    </ClInclude>
    <ClInclude Include="DlgMPly.h">
      <Filter>Header Files</Filter>
    </ClInclude>
    <ClInclude Include="DlgNewGeoBoard.h">
      <Filter>Header Files</Filter>
    </ClInclude>
    <ClInclude Include="DlgNPly.h">
      <Filter>Header Files</Filter>
    </ClInclude>
    <ClInclude Include="DlgPass.h">
      <Filter>Header Files</Filter>
    </ClInclude>
    <ClInclude Include="DlgPbprp.h">
      <Filter>Header Files</Filter>
    </ClInclude>
    <ClInclude Include="DlgRmsg.h">
      <Filter>Header Files</Filter>
    </ClInclude>
    <ClInclude Include="DlgRot.h">
      <Filter>Header Files</Filter>
    </ClInclude>
    <ClInclude Include="DlgRotpc.h">
      <Filter>Header Files</Filter>
    </ClInclude>
    <ClInclude Include="DlgScnp.h">
      <Filter>Header Files</Filter>
    </ClInclude>
    <ClInclude Include="DlgSelOwner.h">
      <Filter>Header Files</Filter>
    </ClInclude>
    <ClInclude Include="DlgSlbrd.h">
      <Filter>Header Files</Filter>
    </ClInclude>
    <ClInclude Include="DlgSmsg.h">
      <Filter>Header Files</Filter>
    </ClInclude>
    <ClInclude Include="DlgSpece.h">
      <Filter>Header Files</Filter>
    </ClInclude>
    <ClInclude Include="DlgState.h">
      <Filter>Header Files</Filter>
    </ClInclude>
    <ClInclude Include="DlgTrunc.h">
      <Filter>Header Files</Filter>
    </ClInclude>
    <ClInclude Include="DlgYnew.h">
      <Filter>Header Files</Filter>
    </ClInclude>
    <ClInclude Include="DlgYprop.h">
      <Filter>Header Files</Filter>
    </ClInclude>
    <ClInclude Include="..\GShr\DragDrop.h">
      <Filter>Header Files</Filter>
    </ClInclude>
    <ClInclude Include="..\GShr\DrawObj.h">
      <Filter>Header Files</Filter>
    </ClInclude>
    <ClInclude Include="Editnocv.h">
      <Filter>Header Files</Filter>
    </ClInclude>
    <ClInclude Include="FileLib.h">
      <Filter>Header Files</Filter>
    </ClInclude>
    <ClInclude Include="..\GShr\Font.h">
      <Filter>Header Files</Filter>
    </ClInclude>
    <ClInclude Include="..\GShr\FontName.h">
      <Filter>Header Files</Filter>
    </ClInclude>
    <ClInclude Include="..\GShr\FrmCBMini.h">
      <Filter>Header Files</Filter>
    </ClInclude>
    <ClInclude Include="FrmDockMark.h">
      <Filter>Header Files</Filter>
    </ClInclude>
    <ClInclude Include="FrmDockTray.h">
      <Filter>Header Files</Filter>
    </ClInclude>
    <ClInclude Include="FrmMain.h">
      <Filter>Header Files</Filter>
    </ClInclude>
    <ClInclude Include="FrmPbrd.h">
      <Filter>Header Files</Filter>
    </ClInclude>
    <ClInclude Include="FrmProj.h">
      <Filter>Header Files</Filter>
    </ClInclude>
    <ClInclude Include="GamDoc.h">
      <Filter>Header Files</Filter>
    </ClInclude>
    <ClInclude Include="GameBox.h">
      <Filter>Header Files</Filter>
    </ClInclude>
    <ClInclude Include="GamState.h">
      <Filter>Header Files</Filter>
    </ClInclude>
    <ClInclude Include="..\GShr\GdiTools.h">
      <Filter>Header Files</Filter>
    </ClInclude>
    <ClInclude Include="GeoBoard.h">
      <Filter>Header Files</Filter>
    </ClInclude>
    <ClInclude Include="..\GShr\GMisc.h">
      <Filter>Header Files</Filter>
    </ClInclude>
    <ClInclude Include="Gp.h">
      <Filter>Header Files</Filter>
    </ClInclude>
    <ClInclude Include="gphelp.h">
      <Filter>Header Files</Filter>
    </ClInclude>
    <ClInclude Include="gphelpidmap.h">
      <Filter>Header Files</Filter>
    </ClInclude>
    <ClInclude Include="..\GShr\LBoxGfx2.h">
      <Filter>Header Files</Filter>
    </ClInclude>
    <ClInclude Include="..\GShr\LBoxGrfx.h">
      <Filter>Header Files</Filter>
    </ClInclude>
    <ClInclude Include="..\GShr\LBoxMark.h">
      <Filter>Header Files</Filter>
    </ClInclude>
    <ClInclude Include="..\GShr\LBoxPiec.h">
      <Filter>Header Files</Filter>
    </ClInclude>
    <ClInclude Include="..\GShr\LBoxProj.h">
      <Filter>Header Files</Filter>
    </ClInclude>
    <ClInclude Include="LBoxSlct.h">
      <Filter>Header Files</Filter>
    </ClInclude>
    <ClInclude Include="..\GShr\LBoxTileBase.h">
      <Filter>Header Files</Filter>
    </ClInclude>
    <ClInclude Include="..\GShr\LBoxTileBase2.h">
      <Filter>Header Files</Filter>
    </ClInclude>
    <ClInclude Include="LBoxTray.h">
      <Filter>Header Files</Filter>
    </ClInclude>
    <ClInclude Include="..\GShr\LibMfc.h">
      <Filter>Header Files</Filter>
    </ClInclude>
    <ClInclude Include="MapFace.h">
      <Filter>Header Files</Filter>
    </ClInclude>
    <ClInclude Include="..\GShr\MapStrng.h">
      <Filter>Header Files</Filter>
    </ClInclude>
    <ClInclude Include="..\GShr\Marks.h">
      <Filter>Header Files</Filter>
    </ClInclude>
    <ClInclude Include="..\GShr\MD5.h">
      <Filter>Header Files</Filter>
    </ClInclude>
    <ClInclude Include="MoveHist.h">
      <Filter>Header Files</Filter>
    </ClInclude>
    <ClInclude Include="MoveMgr.h">
      <Filter>Header Files</Filter>
    </ClInclude>
    <ClInclude Include="PalMark.h">
      <Filter>Header Files</Filter>
    </ClInclude>
    <ClInclude Include="PalReadMsg.h">
      <Filter>Header Files</Filter>
    </ClInclude>
    <ClInclude Include="PalTray.h">
      <Filter>Header Files</Filter>
    </ClInclude>
    <ClInclude Include="PBoard.h">
      <Filter>Header Files</Filter>
    </ClInclude>
    <ClInclude Include="..\GShr\Pieces.h">
      <Filter>Header Files</Filter>
    </ClInclude>
    <ClInclude Include="Player.h">
      <Filter>Header Files</Filter>
    </ClInclude>
    <ClInclude Include="PPieces.h">
      <Filter>Header Files</Filter>
    </ClInclude>
    <ClInclude Include="Resource.h">
      <Filter>Header Files</Filter>
    </ClInclude>
    <ClInclude Include="..\GShr\ResTbl.h">
      <Filter>Header Files</Filter>
    </ClInclude>
    <ClInclude Include="SelOPlay.h">
      <Filter>Header Files</Filter>
    </ClInclude>
    <ClInclude Include="StdAfx.h">
      <Filter>Header Files</Filter>
    </ClInclude>
    <ClInclude Include="..\GShr\StrLib.h">
      <Filter>Header Files</Filter>
    </ClInclude>
    <ClInclude Include="..\GShr\Tile.h">
      <Filter>Header Files</Filter>
    </ClInclude>
    <ClInclude Include="ToolPlay.h">
      <Filter>Header Files</Filter>
    </ClInclude>
    <ClInclude Include="..\GShr\TraceWin.h">
      <Filter>Header Files</Filter>
    </ClInclude>
    <ClInclude Include="Trays.h">
      <Filter>Header Files</Filter>
    </ClInclude>
    <ClInclude Include="..\GShr\Versions.h">
      <Filter>Header Files</Filter>
    </ClInclude>
    <ClInclude Include="VwPbrd.h">
      <Filter>Header Files</Filter>
    </ClInclude>
    <ClInclude Include="VwPrjgam.h">
      <Filter>Header Files</Filter>
    </ClInclude>
    <ClInclude Include="VwPrjgsn.h">
      <Filter>Header Files</Filter>
    </ClInclude>
    <ClInclude Include="VwSelpce.h">
      <Filter>Header Files</Filter>
    </ClInclude>
    <ClInclude Include="VwTbrd.h">
      <Filter>Header Files</Filter>
    </ClInclude>
    <ClInclude Include="WinDynspl.h">
      <Filter>Header Files</Filter>
    </ClInclude>
    <ClInclude Include="..\GShr\WinExt.h">
      <Filter>Header Files</Filter>
    </ClInclude>
    <ClInclude Include="WinMyspl.h">
      <Filter>Header Files</Filter>
    </ClInclude>
    <ClInclude Include="WinPoptb.h">
      <Filter>Header Files</Filter>
    </ClInclude>
    <ClInclude Include="..\GShr\WinState.h">
      <Filter>Header Files</Filter>
    </ClInclude>
    <ClInclude Include="..\GShr\WinTiny.h">
      <Filter>Header Files</Filter>
    </ClInclude>
    <ClInclude Include="WStateGp.h">
      <Filter>Header Files</Filter>
    </ClInclude>
    <ClInclude Include="..\GShr\CyberBoard.h">
      <Filter>Header Files</Filter>
    </ClInclude>
  </ItemGroup>
  <ItemGroup>
    <Image Include="res\BadColum.bmp">
      <Filter>Resource Files</Filter>
    </Image>
    <Image Include="res\Bmp50Percent.bmp">
      <Filter>Resource Files</Filter>
    </Image>
    <Image Include="res\BrdView.ico">
      <Filter>Resource Files</Filter>
    </Image>
    <Image Include="res\GamDoc.ico">
      <Filter>Resource Files</Filter>
    </Image>
    <Image Include="res\GMovDoc.ico">
      <Filter>Resource Files</Filter>
    </Image>
    <Image Include="res\GP.ico">
      <Filter>Resource Files</Filter>
    </Image>
    <Image Include="res\Gp_MainFrame.bmp">
      <Filter>Resource Files</Filter>
    </Image>
    <Image Include="res\GsnDoc.ico">
      <Filter>Resource Files</Filter>
    </Image>
    <Image Include="res\menuicon.bmp">
      <Filter>Resource Files</Filter>
    </Image>
    <Image Include="res\SysButton.bmp">
      <Filter>Resource Files</Filter>
    </Image>
    <Image Include="res\tbmove.bmp">
      <Filter>Resource Files</Filter>
    </Image>
    <Image Include="res\tbplayback.bmp">
      <Filter>Resource Files</Filter>
    </Image>
    <Image Include="res\tbview.bmp">
      <Filter>Resource Files</Filter>
    </Image>
    <Image Include="res\ToolBar.bmp">
      <Filter>Resource Files</Filter>
    </Image>
    <Image Include="res\tbmenu.bmp">
      <Filter>Resource Files</Filter>
    </Image>
  </ItemGroup>
  <ItemGroup>
    <None Include="res\CMovMode.cur">
      <Filter>Resource Files</Filter>
    </None>
    <None Include="res\CrossHair.cur">
      <Filter>Resource Files</Filter>
    </None>
    <None Include="res\DragTile.cur">
      <Filter>Resource Files</Filter>
    </None>
    <None Include="res\NoDrop.cur">
      <Filter>Resource Files</Filter>
    </None>
    <None Include="res\NoDropTooBig.cur">
      <Filter>Resource Files</Filter>
    </None>
  </ItemGroup>
  <ItemGroup>
    <Xml Include="res\manifest.xml">
      <Filter>Resource Files</Filter>
    </Xml>
  </ItemGroup>
</Project>